
Microsoft Visual Studio Solution File, Format Version 12.00
# Visual Studio Version 17
VisualStudioVersion = 17.8.34322.80
MinimumVisualStudioVersion = 10.0.40219.1
Project("{8BC9CEB8-8B4A-11D0-8D11-00A0C91BC942}") = "Zadanie2", "Zadanie2.vcxproj", "{F661C375-EDF9-4F17-AE9B-D24CCE05B914}"
EndProject
Global
	GlobalSection(SolutionConfigurationPlatforms) = preSolution
		Debug|x64 = Debug|x64
		Debug|x86 = Debug|x86
		Release|x64 = Release|x64
		Release|x86 = Release|x86
	EndGlobalSection
	GlobalSection(ProjectConfigurationPlatforms) = postSolution
		{F661C375-EDF9-4F17-AE9B-D24CCE05B914}.Debug|x64.ActiveCfg = Debug|x64
		{F661C375-EDF9-4F17-AE9B-D24CCE05B914}.Debug|x64.Build.0 = Debug|x64
		{F661C375-EDF9-4F17-AE9B-D24CCE05B914}.Debug|x86.ActiveCfg = Debug|Win32
		{F661C375-EDF9-4F17-AE9B-D24CCE05B914}.Debug|x86.Build.0 = Debug|Win32
		{F661C375-EDF9-4F17-AE9B-D24CCE05B914}.Release|x64.ActiveCfg = Release|x64
		{F661C375-EDF9-4F17-AE9B-D24CCE05B914}.Release|x64.Build.0 = Release|x64
		{F661C375-EDF9-4F17-AE9B-D24CCE05B914}.Release|x86.ActiveCfg = Release|Win32
		{F661C375-EDF9-4F17-AE9B-D24CCE05B914}.Release|x86.Build.0 = Release|Win32
	EndGlobalSection
	GlobalSection(SolutionProperties) = preSolution
		HideSolutionNode = FALSE
	EndGlobalSection
	GlobalSection(ExtensibilityGlobals) = postSolution
		SolutionGuid = {C6D586B4-5174-421E-9DA9-34195438EE80}
	EndGlobalSection
EndGlobal
